
Microsoft Visual Studio Solution File, Format Version 12.00
# Visual Studio 15
Project("{FAE04EC0-301F-11D3-BF4B-00C04F79EFBC}") = "challenge-calculator", "challenge-calculator\challenge-calculator.csproj", "{0BD6DE6C-31AC-4D07-A391-5EAC5F83DDA8}"
EndProject
Project("{FAE04EC0-301F-11D3-BF4B-00C04F79EFBC}") = "challenge-calculator-tests", "challenge-calculator-tests\challenge-calculator-tests.csproj", "{2FF00DAB-AA9B-47B8-8C16-EFFB3A14D9E4}"
EndProject
Global
	GlobalSection(SolutionConfigurationPlatforms) = preSolution
		Debug|Any CPU = Debug|Any CPU
		Release|Any CPU = Release|Any CPU
	EndGlobalSection
	GlobalSection(ProjectConfigurationPlatforms) = postSolution
		{0BD6DE6C-31AC-4D07-A391-5EAC5F83DDA8}.Debug|Any CPU.ActiveCfg = Debug|Any CPU
		{0BD6DE6C-31AC-4D07-A391-5EAC5F83DDA8}.Debug|Any CPU.Build.0 = Debug|Any CPU
		{0BD6DE6C-31AC-4D07-A391-5EAC5F83DDA8}.Release|Any CPU.ActiveCfg = Release|Any CPU
		{0BD6DE6C-31AC-4D07-A391-5EAC5F83DDA8}.Release|Any CPU.Build.0 = Release|Any CPU
		{2FF00DAB-AA9B-47B8-8C16-EFFB3A14D9E4}.Debug|Any CPU.ActiveCfg = Debug|Any CPU
		{2FF00DAB-AA9B-47B8-8C16-EFFB3A14D9E4}.Debug|Any CPU.Build.0 = Debug|Any CPU
		{2FF00DAB-AA9B-47B8-8C16-EFFB3A14D9E4}.Release|Any CPU.ActiveCfg = Release|Any CPU
		{2FF00DAB-AA9B-47B8-8C16-EFFB3A14D9E4}.Release|Any CPU.Build.0 = Release|Any CPU
	EndGlobalSection
EndGlobal
